
Microsoft Visual Studio Solution File, Format Version 12.00
# Visual Studio 15
VisualStudioVersion = 15.0.26730.10
MinimumVisualStudioVersion = 10.0.40219.1
Project("{9A19103F-16F7-4668-BE54-9A1E7A4F7556}") = "NTierTodo", "src\NTierTodo\NTierTodo.csproj", "{5C273173-D411-42F0-82C9-83020257BC63}"
EndProject
Project("{2150E333-8FDC-42A3-9474-1A3956D46DE8}") = "src", "src", "{C954DEE3-BF0F-4249-95B3-C74CCF2CA225}"
EndProject
Project("{2150E333-8FDC-42A3-9474-1A3956D46DE8}") = "test", "test", "{BA7A9BB8-D895-4E1C-A28A-E84D17A81CCD}"
EndProject
Project("{9A19103F-16F7-4668-BE54-9A1E7A4F7556}") = "NTierTodoTests", "tests\TodoControllerShould\NTierTodoTests.csproj", "{75A9B977-9E75-4781-864A-6BFEC0D7F7DF}"
EndProject
Global
	GlobalSection(SolutionConfigurationPlatforms) = preSolution
		Debug|Any CPU = Debug|Any CPU
		Release|Any CPU = Release|Any CPU
	EndGlobalSection
	GlobalSection(ProjectConfigurationPlatforms) = postSolution
		{5C273173-D411-42F0-82C9-83020257BC63}.Debug|Any CPU.ActiveCfg = Debug|Any CPU
		{5C273173-D411-42F0-82C9-83020257BC63}.Debug|Any CPU.Build.0 = Debug|Any CPU
		{5C273173-D411-42F0-82C9-83020257BC63}.Release|Any CPU.ActiveCfg = Release|Any CPU
		{5C273173-D411-42F0-82C9-83020257BC63}.Release|Any CPU.Build.0 = Release|Any CPU
		{75A9B977-9E75-4781-864A-6BFEC0D7F7DF}.Debug|Any CPU.ActiveCfg = Debug|Any CPU
		{75A9B977-9E75-4781-864A-6BFEC0D7F7DF}.Debug|Any CPU.Build.0 = Debug|Any CPU
		{75A9B977-9E75-4781-864A-6BFEC0D7F7DF}.Release|Any CPU.ActiveCfg = Release|Any CPU
		{75A9B977-9E75-4781-864A-6BFEC0D7F7DF}.Release|Any CPU.Build.0 = Release|Any CPU
	EndGlobalSection
	GlobalSection(SolutionProperties) = preSolution
		HideSolutionNode = FALSE
	EndGlobalSection
	GlobalSection(NestedProjects) = preSolution
		{5C273173-D411-42F0-82C9-83020257BC63} = {C954DEE3-BF0F-4249-95B3-C74CCF2CA225}
		{75A9B977-9E75-4781-864A-6BFEC0D7F7DF} = {BA7A9BB8-D895-4E1C-A28A-E84D17A81CCD}
	EndGlobalSection
	GlobalSection(ExtensibilityGlobals) = postSolution
		SolutionGuid = {F8DB6A46-66BE-4F77-93F6-B299AD173938}
	EndGlobalSection
EndGlobal
